Microsoft Visual Studio Solution File, Format Version 12.00
# Visual Studio Version 17
VisualStudioVersion = 17.5.2.0
MinimumVisualStudioVersion = 10.0.40219.1
Project("{FAE04EC0-301F-11D3-BF4B-00C04F79EFBC}") = "GestionCasiers", "GestionCasiers.csproj", "{04AFF7A8-0B40-F66F-8E3E-B74D0DADCAFB}"
EndProject
Global
	GlobalSection(SolutionConfigurationPlatforms) = preSolution
		Debug|Any CPU = Debug|Any CPU
		Release|Any CPU = Release|Any CPU
	EndGlobalSection
	GlobalSection(ProjectConfigurationPlatforms) = postSolution
		{04AFF7A8-0B40-F66F-8E3E-B74D0DADCAFB}.Debug|Any CPU.ActiveCfg = Debug|Any CPU
		{04AFF7A8-0B40-F66F-8E3E-B74D0DADCAFB}.Debug|Any CPU.Build.0 = Debug|Any CPU
		{04AFF7A8-0B40-F66F-8E3E-B74D0DADCAFB}.Release|Any CPU.ActiveCfg = Release|Any CPU
		{04AFF7A8-0B40-F66F-8E3E-B74D0DADCAFB}.Release|Any CPU.Build.0 = Release|Any CPU
	EndGlobalSection
	GlobalSection(SolutionProperties) = preSolution
		HideSolutionNode = FALSE
	EndGlobalSection
	GlobalSection(ExtensibilityGlobals) = postSolution
		SolutionGuid = {CD8087AF-94AB-4EE3-9630-5CCE2C3ED60E}
	EndGlobalSection
EndGlobal
